
Microsoft Visual Studio Solution File, Format Version 12.00
# Visual Studio 15
VisualStudioVersion = 15.0.28307.168
MinimumVisualStudioVersion = 10.0.40219.1
Project("{FAE04EC0-301F-11D3-BF4B-00C04F79EFBC}") = "D2_B2D3_Toetsgenerator", "D2_B2D3_Toetsgenerator\D2_B2D3_Toetsgenerator.csproj", "{5E0AC0F3-2ACA-47D1-A4E4-6CBD592F9D4F}"
EndProject
Global
	GlobalSection(SolutionConfigurationPlatforms) = preSolution
		Debug|Any CPU = Debug|Any CPU
		Release|Any CPU = Release|Any CPU
	EndGlobalSection
	GlobalSection(ProjectConfigurationPlatforms) = postSolution
		{5E0AC0F3-2ACA-47D1-A4E4-6CBD592F9D4F}.Debug|Any CPU.ActiveCfg = Debug|Any CPU
		{5E0AC0F3-2ACA-47D1-A4E4-6CBD592F9D4F}.Debug|Any CPU.Build.0 = Debug|Any CPU
		{5E0AC0F3-2ACA-47D1-A4E4-6CBD592F9D4F}.Release|Any CPU.ActiveCfg = Release|Any CPU
		{5E0AC0F3-2ACA-47D1-A4E4-6CBD592F9D4F}.Release|Any CPU.Build.0 = Release|Any CPU
	EndGlobalSection
	GlobalSection(SolutionProperties) = preSolution
		HideSolutionNode = FALSE
	EndGlobalSection
	GlobalSection(ExtensibilityGlobals) = postSolution
		SolutionGuid = {6F4F4AF8-D02B-457D-ABBF-D6A99DC0ABDE}
	EndGlobalSection
EndGlobal
